
Microsoft Visual Studio Solution File, Format Version 12.00
# Visual Studio Version 17
VisualStudioVersion = 17.2.32526.322
MinimumVisualStudioVersion = 10.0.40219.1
Project("{9A19103F-16F7-4668-BE54-9A1E7A4F7556}") = "Website", "Website\Website.csproj", "{1A354D5D-81E7-4E57-9BA2-E65A6EC7DD20}"
EndProject
Project("{2150E333-8FDC-42A3-9474-1A3956D46DE8}") = "Workflows", "Workflows", "{4D21BA6E-DBA6-4015-A53E-56F09FF9D35A}"
	ProjectSection(SolutionItems) = preProject
		..\.github\workflows\website_pr_build.yml = ..\.github\workflows\website_pr_build.yml
		..\.github\workflows\deploy_to_azure_qa.yml = ..\.github\workflows\deploy_to_azure_qa.yml
	EndProjectSection
EndProject
Project("{00D1A9C2-B5F0-4AF3-8072-F6C62B433612}") = "Database", "Database\Database.sqlproj", "{53621995-88A7-4BB6-A6E1-2FD3FC6891C0}"
EndProject
Global
	GlobalSection(SolutionConfigurationPlatforms) = preSolution
		Debug|Any CPU = Debug|Any CPU
		Release|Any CPU = Release|Any CPU
	EndGlobalSection
	GlobalSection(ProjectConfigurationPlatforms) = postSolution
		{1A354D5D-81E7-4E57-9BA2-E65A6EC7DD20}.Debug|Any CPU.ActiveCfg = Debug|Any CPU
		{1A354D5D-81E7-4E57-9BA2-E65A6EC7DD20}.Debug|Any CPU.Build.0 = Debug|Any CPU
		{1A354D5D-81E7-4E57-9BA2-E65A6EC7DD20}.Release|Any CPU.ActiveCfg = Release|Any CPU
		{1A354D5D-81E7-4E57-9BA2-E65A6EC7DD20}.Release|Any CPU.Build.0 = Release|Any CPU
		{53621995-88A7-4BB6-A6E1-2FD3FC6891C0}.Debug|Any CPU.ActiveCfg = Debug|Any CPU
		{53621995-88A7-4BB6-A6E1-2FD3FC6891C0}.Debug|Any CPU.Build.0 = Debug|Any CPU
		{53621995-88A7-4BB6-A6E1-2FD3FC6891C0}.Debug|Any CPU.Deploy.0 = Debug|Any CPU
		{53621995-88A7-4BB6-A6E1-2FD3FC6891C0}.Release|Any CPU.ActiveCfg = Release|Any CPU
		{53621995-88A7-4BB6-A6E1-2FD3FC6891C0}.Release|Any CPU.Build.0 = Release|Any CPU
		{53621995-88A7-4BB6-A6E1-2FD3FC6891C0}.Release|Any CPU.Deploy.0 = Release|Any CPU
	EndGlobalSection
	GlobalSection(SolutionProperties) = preSolution
		HideSolutionNode = FALSE
	EndGlobalSection
	GlobalSection(ExtensibilityGlobals) = postSolution
		SolutionGuid = {F5338A78-343D-43CE-AD22-2629476214CF}
	EndGlobalSection
EndGlobal
